{
  "name": "@json-schema/vocab-dataset",
  "version": "0.0.0",
  "lockfileVersion": 3,
  "requires": true,
  "packages": {
    "": {
      "name": "@json-schema/vocab-dataset",
      "version": "0.0.0",
      "dependencies": {
        "@hyperjump/json-schema": "^1.1.2",
        "node-fetch": "^3.3.0"
      },
      "engines": {
        "node": ">=18.0.0"
      }
    },
    "node_modules/@hyperjump/json": {
      "version": "0.1.0",
      "resolved": "https://registry.npmjs.org/@hyperjump/json/-/json-0.1.0.tgz",
      "integrity": "sha512-jWsAOHjweWhi0UEBCN57YZzyTt76Z6Fm/OJXOfNBJbEZt569AcTRsjv6Dqj5t4gQhW9td72oquiyaVp9oHbhBQ==",
      "dependencies": {
        "@hyperjump/json-pointer": "^0.9.2",
        "moo": "^0.5.1"
      },
      "funding": {
        "type": "github",
        "url": "https://github.com/sponsors/jdesrosiers"
      }
    },
    "node_modules/@hyperjump/json-pointer": {
      "version": "0.9.7",
      "resolved": "https://registry.npmjs.org/@hyperjump/json-pointer/-/json-pointer-0.9.7.tgz",
      "integrity": "sha512-vnstvdIXKVwakD1MHvzZu6A43ls3xDsz0xMJR3MFIKRtsMIqzCT0Th19rek/NvrYfuXEBBfEKks1V24o5c3gkA==",
      "hasInstallScript": true,
      "dependencies": {
        "just-curry-it": "^5.2.1"
      },
      "funding": {
        "type": "github",
        "url": "https://github.com/sponsors/jdesrosiers"
      }
    },
    "node_modules/@hyperjump/json-schema": {
      "version": "1.1.2",
      "resolved": "https://registry.npmjs.org/@hyperjump/json-schema/-/json-schema-1.1.2.tgz",
      "integrity": "sha512-6fbtyJfEmaKURcBpxB9l+7sjNf1F8S1ORXV9FCMYlyH+75Ml/y3OXZsv3S0BdYJKG6Y2uAq+M+mEXLIl/21tbQ==",
      "dependencies": {
        "@hyperjump/json": "^0.1.0",
        "@hyperjump/json-pointer": "^0.9.5",
        "@hyperjump/pact": "^0.2.4",
        "@hyperjump/uri": "^1.0.0",
        "content-type": "^1.0.4",
        "fastest-stable-stringify": "^2.0.2",
        "node-fetch": "^3.3.0"
      },
      "funding": {
        "type": "github",
        "url": "https://github.com/sponsors/jdesrosiers"
      }
    },
    "node_modules/@hyperjump/pact": {
      "version": "0.2.5",
      "resolved": "https://registry.npmjs.org/@hyperjump/pact/-/pact-0.2.5.tgz",
      "integrity": "sha512-93m7gLf40EI8svsKrdPc+KkLsngwX/2ld08xwc0PFioxJSxnfkx1BUHNJVjhG386UUYP6mNe+ZtmIiDXDJ4TQg==",
      "hasInstallScript": true,
      "dependencies": {
        "just-curry-it": "^3.1.0"
      },
      "funding": {
        "type": "github",
        "url": "https://github.com/sponsors/jdesrosiers"
      }
    },
    "node_modules/@hyperjump/pact/node_modules/just-curry-it": {
      "version": "3.2.1",
      "resolved": "https://registry.npmjs.org/just-curry-it/-/just-curry-it-3.2.1.tgz",
      "integrity": "sha512-Q8206k8pTY7krW32cdmPsP+DqqLgWx/hYPSj9/+7SYqSqz7UuwPbfSe07lQtvuuaVyiSJveXk0E5RydOuWwsEg=="
    },
    "node_modules/@hyperjump/uri": {
      "version": "1.1.0",
      "resolved": "https://registry.npmjs.org/@hyperjump/uri/-/uri-1.1.0.tgz",
      "integrity": "sha512-xAgs2jKcMpYtoSa81XmuTIzDGCutLwzwkC7sYc54Fl+a75BfiHIIynRdBSJe31kSOgsRaNXM7sHpzdi8v51XhQ==",
      "funding": {
        "type": "github",
        "url": "https://github.com/sponsors/jdesrosiers"
      }
    },
    "node_modules/content-type": {
      "version": "1.0.4",
      "resolved": "https://registry.npmjs.org/content-type/-/content-type-1.0.4.tgz",
      "integrity": "sha512-hIP3EEPs8tB9AT1L+NUqtwOAps4mk2Zob89MWXMHjHWg9milF/j4osnnQLXBCBFBk/tvIG/tUc9mOUJiPBhPXA==",
      "engines": {
        "node": ">= 0.6"
      }
    },
    "node_modules/data-uri-to-buffer": {
      "version": "4.0.1",
      "resolved": "https://registry.npmjs.org/data-uri-to-buffer/-/data-uri-to-buffer-4.0.1.tgz",
      "integrity": "sha512-0R9ikRb668HB7QDxT1vkpuUBtqc53YyAwMwGeUFKRojY/NWKvdZ+9UYtRfGmhqNbRkTSVpMbmyhXipFFv2cb/A==",
      "engines": {
        "node": ">= 12"
      }
    },
    "node_modules/fastest-stable-stringify": {
      "version": "2.0.2",
      "resolved": "https://registry.npmjs.org/fastest-stable-stringify/-/fastest-stable-stringify-2.0.2.tgz",
      "integrity": "sha512-bijHueCGd0LqqNK9b5oCMHc0MluJAx0cwqASgbWMvkO01lCYgIhacVRLcaDz3QnyYIRNJRDwMb41VuT6pHJ91Q=="
    },
    "node_modules/fetch-blob": {
      "version": "3.2.0",
      "resolved": "https://registry.npmjs.org/fetch-blob/-/fetch-blob-3.2.0.tgz",
      "integrity": "sha512-7yAQpD2UMJzLi1Dqv7qFYnPbaPx7ZfFK6PiIxQ4PfkGPyNyl2Ugx+a/umUonmKqjhM4DnfbMvdX6otXq83soQQ==",
      "funding": [
        {
          "type": "github",
          "url": "https://github.com/sponsors/jimmywarting"
        },
        {
          "type": "paypal",
          "url": "https://paypal.me/jimmywarting"
        }
      ],
      "dependencies": {
        "node-domexception": "^1.0.0",
        "web-streams-polyfill": "^3.0.3"
      },
      "engines": {
        "node": "^12.20 || >= 14.13"
      }
    },
    "node_modules/formdata-polyfill": {
      "version": "4.0.10",
      "resolved": "https://registry.npmjs.org/formdata-polyfill/-/formdata-polyfill-4.0.10.tgz",
      "integrity": "sha512-buewHzMvYL29jdeQTVILecSaZKnt/RJWjoZCF5OW60Z67/GmSLBkOFM7qh1PI3zFNtJbaZL5eQu1vLfazOwj4g==",
      "dependencies": {
        "fetch-blob": "^3.1.2"
      },
      "engines": {
        "node": ">=12.20.0"
      }
    },
    "node_modules/just-curry-it": {
      "version": "5.3.0",
      "resolved": "https://registry.npmjs.org/just-curry-it/-/just-curry-it-5.3.0.tgz",
      "integrity": "sha512-silMIRiFjUWlfaDhkgSzpuAyQ6EX/o09Eu8ZBfmFwQMbax7+LQzeIU2CBrICT6Ne4l86ITCGvUCBpCubWYy0Yw=="
    },
    "node_modules/moo": {
      "version": "0.5.2",
      "resolved": "https://registry.npmjs.org/moo/-/moo-0.5.2.tgz",
      "integrity": "sha512-iSAJLHYKnX41mKcJKjqvnAN9sf0LMDTXDEvFv+ffuRR9a1MIuXLjMNL6EsnDHSkKLTWNqQQ5uo61P4EbU4NU+Q=="
    },
    "node_modules/node-domexception": {
      "version": "1.0.0",
      "resolved": "https://registry.npmjs.org/node-domexception/-/node-domexception-1.0.0.tgz",
      "integrity": "sha512-/jKZoMpw0F8GRwl4/eLROPA3cfcXtLApP0QzLmUT/HuPCZWyB7IY9ZrMeKw2O/nFIqPQB3PVM9aYm0F312AXDQ==",
      "funding": [
        {
          "type": "github",
          "url": "https://github.com/sponsors/jimmywarting"
        },
        {
          "type": "github",
          "url": "https://paypal.me/jimmywarting"
        }
      ],
      "engines": {
        "node": ">=10.5.0"
      }
    },
    "node_modules/node-fetch": {
      "version": "3.3.0",
      "resolved": "https://registry.npmjs.org/node-fetch/-/node-fetch-3.3.0.tgz",
      "integrity": "sha512-BKwRP/O0UvoMKp7GNdwPlObhYGB5DQqwhEDQlNKuoqwVYSxkSZCSbHjnFFmUEtwSKRPU4kNK8PbDYYitwaE3QA==",
      "dependencies": {
        "data-uri-to-buffer": "^4.0.0",
        "fetch-blob": "^3.1.4",
        "formdata-polyfill": "^4.0.10"
      },
      "engines": {
        "node": "^12.20.0 || ^14.13.1 || >=16.0.0"
      },
      "funding": {
        "type": "opencollective",
        "url": "https://opencollective.com/node-fetch"
      }
    },
    "node_modules/web-streams-polyfill": {
      "version": "3.2.1",
      "resolved": "https://registry.npmjs.org/web-streams-polyfill/-/web-streams-polyfill-3.2.1.tgz",
      "integrity": "sha512-e0MO3wdXWKrLbL0DgGnUV7WHVuw9OUvL4hjgnPkIeEvESk74gAITi5G606JtZPp39cd8HA9VQzCIvA49LpPN5Q==",
      "engines": {
        "node": ">= 8"
      }
    }
  }
}
